
Microsoft Visual Studio Solution File, Format Version 12.00
# Visual Studio 14
VisualStudioVersion = 14.0.25420.1
MinimumVisualStudioVersion = 10.0.40219.1
Project("{FAE04EC0-301F-11D3-BF4B-00C04F79EFBC}") = "MoreAppenders", "MoreAppendersApp\MoreAppenders.csproj", "{404F9A95-66E0-431D-A05C-613A04D25028}"
EndProject
Global
	GlobalSection(SolutionConfigurationPlatforms) = preSolution
		Debug|Any CPU = Debug|Any CPU
		Release|Any CPU = Release|Any CPU
	EndGlobalSection
	GlobalSection(ProjectConfigurationPlatforms) = postSolution
		{404F9A95-66E0-431D-A05C-613A04D25028}.Debug|Any CPU.ActiveCfg = Debug|Any CPU
		{404F9A95-66E0-431D-A05C-613A04D25028}.Debug|Any CPU.Build.0 = Debug|Any CPU
		{404F9A95-66E0-431D-A05C-613A04D25028}.Release|Any CPU.ActiveCfg = Release|Any CPU
		{404F9A95-66E0-431D-A05C-613A04D25028}.Release|Any CPU.Build.0 = Release|Any CPU
	EndGlobalSection
	GlobalSection(SolutionProperties) = preSolution
		HideSolutionNode = FALSE
	EndGlobalSection
EndGlobal
